# (C) 2001-2025 Altera Corporation. All rights reserved.
# Your use of Altera Corporation's design tools, logic functions and other 
# software and tools, and its AMPP partner logic functions, and any output 
# files from any of the foregoing (including device programming or simulation 
# files), and any associated documentation or information are expressly subject 
# to the terms and conditions of the Altera Program License Subscription 
# Agreement, Altera IP License Agreement, or other applicable 
# license agreement, including, without limitation, that your use is for the 
# sole purpose of programming logic devices manufactured by Altera and sold by 
# Altera or its authorized distributors.  Please refer to the applicable 
# agreement for further details.


set_global_assignment -name TOP_LEVEL_ENTITY cxltyp2_ed
set_global_assignment -name PROJECT_OUTPUT_DIRECTORY output_files
set_global_assignment -name FAMILY "Agilex 7"

##############
#set_global_assignment -name DEVICE AGIB023R18A1E1V
#set_global_assignment -name FLOW_DISABLE_ASSEMBLER OFF
#set_global_assignment -name NUM_PARALLEL_PROCESSORS 16
#set_global_assignment -name GENERATE_COMPRESSED_SOF ON
#
#set_global_assignment -name VID_OPERATION_MODE "PMBUS MASTER"
#set_global_assignment -name PWRMGT_BUS_SPEED_MODE "100 KHZ"
#set_global_assignment -name USE_CONF_DONE SDM_IO16
#set_global_assignment -name USE_PWRMGT_SCL SDM_IO0
#set_global_assignment -name USE_PWRMGT_SDA SDM_IO12
#set_global_assignment -name PWRMGT_VOLTAGE_OUTPUT_FORMAT "LINEAR FORMAT"
#
#set_global_assignment -name PWRMGT_SLAVE_DEVICE_TYPE OTHER
#set_global_assignment -name PWRMGT_LINEAR_FORMAT_N "-13"
#
#set_global_assignment -name PWRMGT_SLAVE_DEVICE0_ADDRESS 47
#set_global_assignment -name PWRMGT_SLAVE_DEVICE1_ADDRESS 00
#set_global_assignment -name PWRMGT_SLAVE_DEVICE2_ADDRESS 00
#set_global_assignment -name PWRMGT_SLAVE_DEVICE3_ADDRESS 00
#set_global_assignment -name PWRMGT_SLAVE_DEVICE4_ADDRESS 00
#set_global_assignment -name PWRMGT_SLAVE_DEVICE5_ADDRESS 00
#set_global_assignment -name PWRMGT_SLAVE_DEVICE6_ADDRESS 00
#set_global_assignment -name PWRMGT_SLAVE_DEVICE7_ADDRESS 00
#set_global_assignment -name PWRMGT_DIRECT_FORMAT_COEFFICIENT_M 1
#set_global_assignment -name PWRMGT_TRANSLATED_VOLTAGE_VALUE_UNIT VOLTS
#set_global_assignment -name PWRMGT_PAGE_COMMAND_ENABLE OFF
#set_global_assignment -name STRATIXV_CONFIGURATION_SCHEME "AVST X8"
#set_global_assignment -name MINIMUM_SEU_INTERVAL 10000
#set_global_assignment -name ACTIVE_SERIAL_CLOCK AS_FREQ_115MHZ_IOSC
#set_global_assignment -name ERROR_CHECK_FREQUENCY_DIVISOR 1
#source ./constraints/qsf_device_pinout.tcl
#set_global_assignment -name QSYS_FILE ./../intel_rtile_cxl_top_cxltyp2_ed.ip

# IA-780I bbrev1 board authority
source ./constraints/ia780i_pinout.tcl
#set_global_assignment -name QSYS_FILE ../../AGIB023R18A1E1V/t2_s2.ip
#set_global_assignment -name QSYS_FILE ../../AGIB023R18A1E1V/dram/dram0_ddr2666_32gb.ip
#set_global_assignment -name QSYS_FILE ../../AGIB023R18A1E1V/dram/dram1_ddr2666_32gb.ip
#set_global_assignment -name QSYS_FILE ../../AGIB023R18A1E1V/pcie/sigtap_512.ip
set_global_assignment -name VERILOG_MACRO IA780I
#set_global_assignment -name VERILOG_MACRO DELAY_BUFFER_EN
# Vortex GPU synthesis macros: select DSP FPU mode + Quartus BRAM/latency optimizations
set_global_assignment -name VERILOG_MACRO "SYNTHESIS"
set_global_assignment -name VERILOG_MACRO "QUARTUS"
#set_global_assignment -name SYSTEMVERILOG_FILE ../../axi_delay/axi_r.sv
## 
source ./constraints/cxltyp2_quartus_constraints_ed_en.tcl


####-----------------SIM 9 compilance-------------------------####
set_global_assignment -name EDA_EXDES_CUSTOM_SIM_SCRIPT_QUESTA ./intel_rtile_cxl_top_cxltyp2_ed/sim/mentor/run_msim_setup.tcl -section_id eda_simulation
set_global_assignment -name EDA_EXDES_CUSTOM_SIM_SCRIPT_VCS ./intel_rtile_cxl_top_cxltyp2_ed/sim/synopsys/vcs/vcs_setup.sh -section_id eda_simulation
set_global_assignment -name EDA_EXDES_CUSTOM_SIM_SCRIPT_VCSMX ./intel_rtile_cxl_top_cxltyp2_ed/sim/synopsys/vcsmx/vcsmx_setup.sh -section_id eda_simulation
#set_global_assignment -name EDA_EXDES_CUSTOM_SIM_SCRIPT_RIVIERAPRO ./switch_ed/sim/ -section_id eda_simulation
#set_global_assignment -name EDA_EXDES_CUSTOM_SIM_SCRIPT_XCELIUM ./switch_ed/sim/ -section_id eda_simulation
####-----------------SIM 9 compilance-------------------------####

set_global_assignment -name SYSTEMVERILOG_FILE ./common/cafu_csr0/tmp_cafu_csr0_cfg_pkg.sv
set_global_assignment -name SYSTEMVERILOG_FILE ./common/cafu_csr0/cafu_csr0_gbl_pkg.sv
set_global_assignment -name SYSTEMVERILOG_FILE ./common/cafu_csr0/cafu_common_pkg.sv
set_global_assignment -name SYSTEMVERILOG_FILE ./common/ed_rtlgen_include_v12.vh.iv
set_global_assignment -name SYSTEMVERILOG_FILE ./common/ed_rtlgen_pkg_v12.sv

set_global_assignment -name SYSTEMVERILOG_FILE ./common/ed_cxlip_top_pkg.sv
set_global_assignment -name SYSTEMVERILOG_FILE ./common/ed_mc_axi_if_pkg.sv

set_global_assignment -name SYSTEMVERILOG_FILE ./common/mc_top/ddr_mc_top_common_pkg.sv
set_global_assignment -name SYSTEMVERILOG_FILE ./common/mc_top/mc_poison_sidecar_pkg.sv
set_global_assignment -name SYSTEMVERILOG_FILE ./common/mc_top/mc_poison_sidecar.sv
set_global_assignment -name SYSTEMVERILOG_FILE ./common/mc_top/hdm_axi_if_pkg.sv
set_global_assignment -name SYSTEMVERILOG_FILE ./common/mc_top/mc_ecc_pkg.sv
set_global_assignment -name SYSTEMVERILOG_FILE ./common/mc_top/mc_emif_avmm.sv
set_global_assignment -name SYSTEMVERILOG_FILE ./common/mc_top/mc_devmem_top.sv
set_global_assignment -name SYSTEMVERILOG_FILE ./common/mc_top/mc_single_chan_devmem_errors.sv
set_global_assignment -name SYSTEMVERILOG_FILE ./common/mc_top/mc_single_chan_cdc_reqfifo.sv
set_global_assignment -name SYSTEMVERILOG_FILE ./common/mc_top/mc_single_chan_cdc_reqfifo_ver2.sv
set_global_assignment -name SYSTEMVERILOG_FILE ./common/mc_top/mc_single_chan_ip2hdm_axi_req_chans.sv
set_global_assignment -name SYSTEMVERILOG_FILE ./common/mc_top/mc_single_chan_hdm2ip_axi_resp_chans.sv
set_global_assignment -name SYSTEMVERILOG_FILE ./common/mc_top/mc_single_chan_ram_init.sv
set_global_assignment -name SYSTEMVERILOG_FILE ./common/mc_top/mc_single_chan_ram_init_ver2.sv
set_global_assignment -name SYSTEMVERILOG_FILE ./common/mc_top/mc_single_chan_rmw_block.sv
set_global_assignment -name SYSTEMVERILOG_FILE ./common/mc_top/mc_single_chan_rmw_block_ver2.sv
set_global_assignment -name SYSTEMVERILOG_FILE ./common/mc_top/mc_single_chan_ecc_req.sv
set_global_assignment -name SYSTEMVERILOG_FILE ./common/mc_top/mc_single_chan_hdm_axi_fsm.sv
set_global_assignment -name SYSTEMVERILOG_FILE ./common/mc_top/mc_single_chan_avmm_fsm.sv
set_global_assignment -name SYSTEMVERILOG_FILE ./common/mc_top/mc_single_chan_avmm_rsp.sv
set_global_assignment -name SYSTEMVERILOG_FILE ./common/mc_top/mc_single_chan_ecc_rsp.sv
set_global_assignment -name SYSTEMVERILOG_FILE ./common/mc_top/mc_top.sv
set_global_assignment -name IP_FILE ./common/cdc_fifos/fifo_12b_256w_show_ahead.ip 

set_global_assignment -name SYSTEMVERILOG_FILE ./common/ex_default_csr/ex_default_csr_avmm_slave.sv
set_global_assignment -name SYSTEMVERILOG_FILE ./common/ex_default_csr/ex_default_csr_top.sv

set_global_assignment -name IP_FILE ./common/cdc_fifos/cfg_to_iosf_fifo_vcd_ED.ip 
set_global_assignment -name IP_FILE ./common/cdc_fifos/iosf_to_cfg_fifo_vcd_ED.ip 

set_global_assignment -name SYSTEMVERILOG_FILE ./common/cxl_pio/intel_cxl_pio_parameters.sv 
set_global_assignment -name SYSTEMVERILOG_FILE ./common/cxl_pio/pcie_ed_altera_avalon_sc_fifo_1931_vhmcgqy.v
set_global_assignment -name SYSTEMVERILOG_FILE ./common/cxl_pio/pcie_ed_altera_avalon_st_pipeline_stage_1920_zterisq.sv
set_global_assignment -name SYSTEMVERILOG_FILE ./common/cxl_pio/pcie_ed_altera_merlin_burst_adapter_1922_tsepz7q.sv
set_global_assignment -name SYSTEMVERILOG_FILE ./common/cxl_pio/pcie_ed_altera_merlin_burst_adapter_altera_avalon_st_pipeline_stage_1922_pev47ty.v
set_global_assignment -name SYSTEMVERILOG_FILE ./common/cxl_pio/pcie_ed_altera_merlin_demultiplexer_1921_s5kn7vi.sv
set_global_assignment -name SYSTEMVERILOG_FILE ./common/cxl_pio/pcie_ed_altera_merlin_master_agent_191_mpbm6tq.sv
# Removed: mm_interconnect + pcie_ed_MEM0 (replaced by PIO-to-CSR bridge in intel_cxl_pio_ed_top.sv)
# set_global_assignment -name SYSTEMVERILOG_FILE ./common/cxl_pio/pcie_ed_altera_merlin_master_translator_191_g7h47bq.sv
# set_global_assignment -name SYSTEMVERILOG_FILE ./common/cxl_pio/pcie_ed_altera_merlin_multiplexer_1921_5zcdh2i.sv
# set_global_assignment -name SYSTEMVERILOG_FILE ./common/cxl_pio/pcie_ed_altera_merlin_multiplexer_1921_zxmqgaq.sv
# set_global_assignment -name SYSTEMVERILOG_FILE ./common/cxl_pio/pcie_ed_altera_merlin_router_1921_6kkcoeq.sv
# set_global_assignment -name SYSTEMVERILOG_FILE ./common/cxl_pio/pcie_ed_altera_merlin_router_1921_sv2vwxi.sv
# set_global_assignment -name SYSTEMVERILOG_FILE ./common/cxl_pio/pcie_ed_altera_merlin_slave_agent_191_ncfkfri.sv
# set_global_assignment -name SYSTEMVERILOG_FILE ./common/cxl_pio/pcie_ed_altera_merlin_slave_translator_191_x56fcki.sv
# set_global_assignment -name SYSTEMVERILOG_FILE ./common/cxl_pio/pcie_ed_altera_mm_interconnect_1920_sx2feoa.v
# set_global_assignment -name SYSTEMVERILOG_FILE ./common/cxl_pio/pcie_ed_MEM0.v
# set_global_assignment -name SYSTEMVERILOG_FILE ./common/cxl_pio/pcie_ed_MEM0_altera_avalon_onchip_memory2_1932_vi4l4uq.v
set_global_assignment -name SYSTEMVERILOG_FILE ./common/cxl_pio/intel_pcie_reset_sync.v
set_global_assignment -name SYSTEMVERILOG_FILE ./common/cxl_pio/intel_std_synchronizer_nocut.v
set_global_assignment -name SYSTEMVERILOG_FILE ./common/cxl_pio/intel_pcie_bam_v2.sv
set_global_assignment -name SYSTEMVERILOG_FILE ./common/cxl_pio/intel_pcie_bam_v2_avmm_intf.sv
set_global_assignment -name SYSTEMVERILOG_FILE ./common/cxl_pio/intel_pcie_bam_v2_avst_intf.sv
set_global_assignment -name SYSTEMVERILOG_FILE ./common/cxl_pio/intel_pcie_bam_v2_cpl.sv
set_global_assignment -name SYSTEMVERILOG_FILE ./common/cxl_pio/intel_pcie_bam_v2_fifos.sv
set_global_assignment -name SYSTEMVERILOG_FILE ./common/cxl_pio/intel_pcie_bam_v2_rw.sv
set_global_assignment -name SYSTEMVERILOG_FILE ./common/cxl_pio/intel_pcie_bam_v2_sch_intf.sv
set_global_assignment -name SYSTEMVERILOG_FILE ./common/cxl_pio/intel_cxl_pio.sv
set_global_assignment -name SYSTEMVERILOG_FILE ./common/cxl_pio/intel_cxl_aer.sv
set_global_assignment -name SYSTEMVERILOG_FILE ./common/cxl_pio/intel_cxl_bam_v2_crdt_intf.sv
set_global_assignment -name SYSTEMVERILOG_FILE ./common/cxl_pio/intel_cxl_default_config.sv
set_global_assignment -name SYSTEMVERILOG_FILE ./common/cxl_pio/intel_cxl_pf_checker.sv
set_global_assignment -name SYSTEMVERILOG_FILE ./common/cxl_pio/intel_pcie_bam_v2_hwtcl.sv
set_global_assignment -name SYSTEMVERILOG_FILE ./common/cxl_pio/pcie_ed_pio0.v
set_global_assignment -name SYSTEMVERILOG_FILE ./common/cxl_pio/pcie_ed.v
set_global_assignment -name SYSTEMVERILOG_FILE ./common/cxl_pio/intel_cxl_pio_ed_top.sv
set_global_assignment -name SYSTEMVERILOG_FILE ./common/cxl_pio/intel_cxl_tx_crdt_intf.sv
set_global_assignment -name SYSTEMVERILOG_FILE ./common/avst4to1_rx/avst4to1_pld_if.svh.iv 
set_global_assignment -name SYSTEMVERILOG_FILE ./common/avst4to1_rx/avst4to1_ss_fifo_vcd.v 
set_global_assignment -name SYSTEMVERILOG_FILE ./common/avst4to1_rx/avst4to1_ss_dcfifo_pipe_vcd.sv 
set_global_assignment -name SYSTEMVERILOG_FILE ./common/avst4to1_rx/avst4to1_ss_scfifo_pipe_vcd.sv 
set_global_assignment -name SYSTEMVERILOG_FILE ./common/avst4to1_rx/avst4to1_ss_rx_data_fifos_pipe.sv 
set_global_assignment -name SYSTEMVERILOG_FILE ./common/avst4to1_rx/avst4to1_ss_rx_core_fifos.sv 
set_global_assignment -name SYSTEMVERILOG_FILE ./common/avst4to1_rx/avst4to1_ss_rx_crd_check.sv 
set_global_assignment -name SYSTEMVERILOG_FILE ./common/avst4to1_rx/avst4to1_ss_rx_crd_lmt.sv 
set_global_assignment -name SYSTEMVERILOG_FILE ./common/avst4to1_rx/avst4to1_ss_rx_crd_type.sv
set_global_assignment -name SYSTEMVERILOG_FILE ./common/avst4to1_rx/avst4to1_ss_rx_data_fifos.sv
set_global_assignment -name SYSTEMVERILOG_FILE ./common/avst4to1_rx/avst4to1_ss_rx_hdr_data_fifos.sv 
set_global_assignment -name SYSTEMVERILOG_FILE ./common/avst4to1_rx/avst4to1_ss_tlp_hdr_decode.sv 
set_global_assignment -name SYSTEMVERILOG_FILE ./common/avst4to1_rx/cxl_ed_avst_4to1_rx_side.sv 
set_global_assignment -name SYSTEMVERILOG_FILE ./common/avst4to1_rx/ed_define.svh.iv
set_global_assignment -name SYSTEMVERILOG_FILE ./common/axi_to_avst/axi_avst_if_pkg.sv
set_global_assignment -name SYSTEMVERILOG_FILE ./common/axi_to_avst/axi_to_avst_bridge.sv
set_global_assignment -name SYSTEMVERILOG_FILE ./common/axi_to_avst/intel_cxl_afu_cache_io_demux.sv 
set_global_assignment -name SYSTEMVERILOG_FILE ./common/axi_to_avst/intel_cxl_afu_pio_mux.sv 
set_global_assignment -name SYSTEMVERILOG_FILE ./common/axi_to_avst/intel_cxl_tx_tlp_fifos.sv 
set_global_assignment -name SYSTEMVERILOG_FILE ./common/cafu_csr0/cafu_csr0_reg_macros.vh.iv
set_global_assignment -name SYSTEMVERILOG_FILE ./common/cafu_csr0/ccv_afu_reg_macros.vh.iv
set_global_assignment -name SYSTEMVERILOG_FILE ./common/cafu_csr0/ccv_afu_globals.vh.iv
set_global_assignment -name SYSTEMVERILOG_FILE ./common/cust_afu/cust_afu_wrapper.sv 
set_global_assignment -name SYSTEMVERILOG_FILE ./common/cafu_csr0/cafu_csr0_cfg_pkg.sv
set_global_assignment -name SYSTEMVERILOG_FILE ./common/cafu_csr0/cafu_csr0_cfg.sv
set_global_assignment -name SYSTEMVERILOG_FILE ./common/cafu_csr0/cafu_mem_target_pkg.sv 	
set_global_assignment -name SYSTEMVERILOG_FILE ./common/cafu_csr0/ccv_afu_pkg.sv
set_global_assignment -name SYSTEMVERILOG_FILE ./common/cafu_csr0/ccv_afu_alg1a_pkg.sv
set_global_assignment -name SYSTEMVERILOG_FILE ./common/cafu_csr0/cafu_ram_1r1w.sv
set_global_assignment -name SYSTEMVERILOG_FILE ./common/cafu_csr0/cafu_ram_1r1w_be.sv
set_global_assignment -name SYSTEMVERILOG_FILE ./common/cafu_csr0/ccv_afu_cdc_fifo_vcd.v 
set_global_assignment -name SYSTEMVERILOG_FILE ./common/cafu_csr0/fifo_sync_1.sv
set_global_assignment -name SYSTEMVERILOG_FILE ./common/cafu_csr0/pattern_expand_by_byte_mask.sv
set_global_assignment -name SYSTEMVERILOG_FILE ./common/cafu_csr0/pattern_expand_by_byte_mask_ver2.sv
set_global_assignment -name SYSTEMVERILOG_FILE ./common/cafu_csr0/pattern_reduce_by_pattern_size.sv
set_global_assignment -name SYSTEMVERILOG_FILE ./common/cafu_csr0/verify_sc_compare.sv
set_global_assignment -name SYSTEMVERILOG_FILE ./common/cafu_csr0/verify_sc_extract_error_pattern.sv
set_global_assignment -name SYSTEMVERILOG_FILE ./common/cafu_csr0/verify_sc_index_byte_offset.sv
set_global_assignment -name SYSTEMVERILOG_FILE ./common/cafu_csr0/alg_1a_calc_error_address.sv
set_global_assignment -name SYSTEMVERILOG_FILE ./common/cafu_csr0/alg_1a_top_level_fsm_sc_only.sv
set_global_assignment -name SYSTEMVERILOG_FILE ./common/cafu_csr0/alg1a_latency_mode.sv
set_global_assignment -name SYSTEMVERILOG_FILE ./common/cafu_csr0/alg1a_verify_sc_read_resps.sv
set_global_assignment -name SYSTEMVERILOG_FILE ./common/cafu_csr0/alg1a_verify_sc_send_read_reqs.sv
set_global_assignment -name SYSTEMVERILOG_FILE ./common/cafu_csr0/alg1a_verify_sc_gen_read_reqs.sv
set_global_assignment -name SYSTEMVERILOG_FILE ./common/cafu_csr0/alg1a_verify_sc_top.sv
set_global_assignment -name SYSTEMVERILOG_FILE ./common/cafu_csr0/alg1a_execute_write_resps.sv
set_global_assignment -name SYSTEMVERILOG_FILE ./common/cafu_csr0/alg1a_execute_send_write_reqs.sv
set_global_assignment -name SYSTEMVERILOG_FILE ./common/cafu_csr0/alg1a_execute_gen_write_reqs.sv
set_global_assignment -name SYSTEMVERILOG_FILE ./common/cafu_csr0/alg1a_execute_top.sv
set_global_assignment -name SYSTEMVERILOG_FILE ./common/cafu_csr0/alg1a_top.sv
set_global_assignment -name SYSTEMVERILOG_FILE ./common/cafu_csr0/mwae_afu_status_regs.sv
set_global_assignment -name SYSTEMVERILOG_FILE ./common/cafu_csr0/mwae_config_and_cxl_errors_reg.sv
set_global_assignment -name SYSTEMVERILOG_FILE ./common/cafu_csr0/mwae_config_check.sv
set_global_assignment -name SYSTEMVERILOG_FILE ./common/cafu_csr0/mwae_debug_logs.sv
set_global_assignment -name SYSTEMVERILOG_FILE ./common/cafu_csr0/mwae_error_injection_regs.sv
set_global_assignment -name SYSTEMVERILOG_FILE ./common/cafu_csr0/mwae_poison_injection.sv
set_global_assignment -name SYSTEMVERILOG_FILE ./common/cafu_csr0/mwae_top_level_fsm.sv
set_global_assignment -name SYSTEMVERILOG_FILE ./common/cafu_csr0/mwae_top.sv
set_global_assignment -name SYSTEMVERILOG_FILE ./common/cafu_csr0/cafu_csr_doe.sv
set_global_assignment -name SYSTEMVERILOG_FILE ./common/cafu_csr0/cafu_mem_target.sv
set_global_assignment -name SYSTEMVERILOG_FILE ./common/cafu_csr0/cafu_devreg_mailbox_elog.sv
set_global_assignment -name SYSTEMVERILOG_FILE ./common/cafu_csr0/cafu_devreg_mailbox.sv
set_global_assignment -name SYSTEMVERILOG_FILE ./common/cafu_csr0/cafu_reg_router.sv
set_global_assignment -name SYSTEMVERILOG_FILE ./common/cafu_csr0/ccv_afu_csr_avmm_slave.sv
set_global_assignment -name SYSTEMVERILOG_FILE ./common/cafu_csr0/ccv_afu_cdc_fifo.sv
set_global_assignment -name SYSTEMVERILOG_FILE ./common/cafu_csr0/cafu_csr0_wrapper.sv
set_global_assignment -name SYSTEMVERILOG_FILE ./common/cafu_csr0/cafu_csr0_avmm_wrapper.sv
 
set_global_assignment -name SYSTEMVERILOG_FILE ./common/afu/afu_csr_avmm_slave.sv
set_global_assignment -name SYSTEMVERILOG_FILE ./common/afu/afu_top.sv
set_global_assignment -name SYSTEMVERILOG_FILE ./common/afu/axi_mc_arbiter.sv

set_global_assignment -name SYSTEMVERILOG_FILE ./common/atomic_afu/afu_ate_mem_target_pkg.sv
set_global_assignment -name SYSTEMVERILOG_FILE ./common/atomic_afu/afu_ate_comparator.sv
set_global_assignment -name SYSTEMVERILOG_FILE ./common/atomic_afu/afu_atomic_test_engine.sv

set_global_assignment -name IP_FILE ./common/mc_top/emif_ip/emif_cal_two_ch.ip
set_global_assignment -name IP_FILE ./common/mc_top/emif_ip/emif.ip
set_global_assignment -name IP_FILE ./common/mc_top/sip_quartus_ips/rspfifo_IP/rspfifo.ip
set_global_assignment -name IP_FILE ./common/mc_top/sip_quartus_ips/rspfifo_IP/rspfifo_580b_256w.ip
set_global_assignment -name IP_FILE ./common/mc_top/sip_quartus_ips/rspfifo_IP/rspfifo_16b_256w.ip
set_global_assignment -name IP_FILE ./common/mc_top/sip_quartus_ips/reqfifo_IP/reqfifo.ip

set_global_assignment -name QSYS_FILE common/intel_reset_release/intel_reset_release.ip    
set_global_assignment -name SEARCH_PATH ./common/
set_global_assignment -name SEARCH_PATH ./common/avst4to1_rx/
set_global_assignment -name SEARCH_PATH ./common/axi_to_avst/
set_global_assignment -name SEARCH_PATH ./common/cafu_csr0/
set_global_assignment -name SEARCH_PATH ./common/rv64/
set_global_assignment -name SEARCH_PATH ./common/rv64/vortex/
set_global_assignment -name SEARCH_PATH ./common/rv64/vortex/cache/
set_global_assignment -name SEARCH_PATH ./common/rv64/vortex/core/
set_global_assignment -name SEARCH_PATH ./common/rv64/vortex/fpu/
set_global_assignment -name SEARCH_PATH ./common/rv64/vortex/libs/
set_global_assignment -name SEARCH_PATH ./common/rv64/vortex/mem/
set_global_assignment -name SEARCH_PATH ./common/rv64/vortex/interfaces/
# TCU disabled - EXT_TCU_ENABLE not defined, HardFloat dependency missing
# set_global_assignment -name SEARCH_PATH ./common/rv64/vortex/tcu/
# set_global_assignment -name SEARCH_PATH ./common/rv64/vortex/tcu/bhf/
set_global_assignment -name SEARCH_PATH ./common/rv64/vortex/afu/opae/
set_global_assignment -name SEARCH_PATH ./common/rv64/vortex/afu/xrt/
set_global_assignment -name SEARCH_PATH ./intel_rtile_cxl_top_cxltyp2_ed
set_global_assignment -name SEARCH_PATH ./intel_rtile_cxl_top_cxltyp2_ed/intel_rtile_cxl_top_1160/synth

# CXL IP - include the QIP file which has all the dependencies
set_global_assignment -name QIP_FILE ./intel_rtile_cxl_top_cxltyp2_ed/intel_rtile_cxl_top_cxltyp2_ed.qip

# ============================================================================
# rv64 Vortex GPU + CXL MemUring Integration
# ============================================================================

# CXL MemUring packages (compile order: base pkg first)
set_global_assignment -name SYSTEMVERILOG_FILE ./common/rv64/cxl_memuring_pkg.sv
set_global_assignment -name SYSTEMVERILOG_FILE ./common/rv64/cxl_memuring_vortex_pkg.sv

# Vortex GPU packages
set_global_assignment -name SYSTEMVERILOG_FILE ./common/rv64/vortex/VX_gpu_pkg.sv
set_global_assignment -name SYSTEMVERILOG_FILE ./common/rv64/vortex/VX_trace_pkg.sv
set_global_assignment -name SYSTEMVERILOG_FILE ./common/rv64/vortex/fpu/VX_fpu_pkg.sv
# set_global_assignment -name SYSTEMVERILOG_FILE ./common/rv64/vortex/tcu/VX_tcu_pkg.sv

# Vortex GPU interfaces
set_global_assignment -name SYSTEMVERILOG_FILE ./common/rv64/vortex/interfaces/VX_dispatch_if.sv
set_global_assignment -name SYSTEMVERILOG_FILE ./common/rv64/vortex/interfaces/VX_commit_csr_if.sv
set_global_assignment -name SYSTEMVERILOG_FILE ./common/rv64/vortex/interfaces/VX_decode_if.sv
set_global_assignment -name SYSTEMVERILOG_FILE ./common/rv64/vortex/interfaces/VX_writeback_if.sv
set_global_assignment -name SYSTEMVERILOG_FILE ./common/rv64/vortex/interfaces/VX_result_if.sv
set_global_assignment -name SYSTEMVERILOG_FILE ./common/rv64/vortex/interfaces/VX_branch_ctl_if.sv
set_global_assignment -name SYSTEMVERILOG_FILE ./common/rv64/vortex/interfaces/VX_operands_if.sv
set_global_assignment -name SYSTEMVERILOG_FILE ./common/rv64/vortex/interfaces/VX_execute_if.sv
set_global_assignment -name SYSTEMVERILOG_FILE ./common/rv64/vortex/interfaces/VX_commit_if.sv
set_global_assignment -name SYSTEMVERILOG_FILE ./common/rv64/vortex/interfaces/VX_scoreboard_if.sv
set_global_assignment -name SYSTEMVERILOG_FILE ./common/rv64/vortex/interfaces/VX_ibuffer_if.sv
set_global_assignment -name SYSTEMVERILOG_FILE ./common/rv64/vortex/interfaces/VX_dcr_bus_if.sv
set_global_assignment -name SYSTEMVERILOG_FILE ./common/rv64/vortex/interfaces/VX_sched_csr_if.sv
set_global_assignment -name SYSTEMVERILOG_FILE ./common/rv64/vortex/interfaces/VX_fetch_if.sv
set_global_assignment -name SYSTEMVERILOG_FILE ./common/rv64/vortex/interfaces/VX_decode_sched_if.sv
set_global_assignment -name SYSTEMVERILOG_FILE ./common/rv64/vortex/interfaces/VX_schedule_if.sv
set_global_assignment -name SYSTEMVERILOG_FILE ./common/rv64/vortex/interfaces/VX_commit_sched_if.sv
set_global_assignment -name SYSTEMVERILOG_FILE ./common/rv64/vortex/interfaces/VX_warp_ctl_if.sv
set_global_assignment -name SYSTEMVERILOG_FILE ./common/rv64/vortex/interfaces/VX_issue_sched_if.sv

# Vortex GPU libraries
set_global_assignment -name SYSTEMVERILOG_FILE ./common/rv64/vortex/libs/VX_pipe_register.sv
set_global_assignment -name SYSTEMVERILOG_FILE ./common/rv64/vortex/libs/VX_pipe_buffer.sv
set_global_assignment -name SYSTEMVERILOG_FILE ./common/rv64/vortex/libs/VX_skid_buffer.sv
set_global_assignment -name SYSTEMVERILOG_FILE ./common/rv64/vortex/libs/VX_bypass_buffer.sv
set_global_assignment -name SYSTEMVERILOG_FILE ./common/rv64/vortex/libs/VX_elastic_buffer.sv
set_global_assignment -name SYSTEMVERILOG_FILE ./common/rv64/vortex/libs/VX_elastic_adapter.sv
set_global_assignment -name SYSTEMVERILOG_FILE ./common/rv64/vortex/libs/VX_toggle_buffer.sv
set_global_assignment -name SYSTEMVERILOG_FILE ./common/rv64/vortex/libs/VX_stream_buffer.sv
set_global_assignment -name SYSTEMVERILOG_FILE ./common/rv64/vortex/libs/VX_fifo_queue.sv
set_global_assignment -name SYSTEMVERILOG_FILE ./common/rv64/vortex/libs/VX_dp_ram.sv
set_global_assignment -name SYSTEMVERILOG_FILE ./common/rv64/vortex/libs/VX_sp_ram.sv
set_global_assignment -name SYSTEMVERILOG_FILE ./common/rv64/vortex/libs/VX_async_ram_patch.sv
set_global_assignment -name SYSTEMVERILOG_FILE ./common/rv64/vortex/libs/VX_shift_register.sv
set_global_assignment -name SYSTEMVERILOG_FILE ./common/rv64/vortex/libs/VX_find_first.sv
set_global_assignment -name SYSTEMVERILOG_FILE ./common/rv64/vortex/libs/VX_lzc.sv
set_global_assignment -name SYSTEMVERILOG_FILE ./common/rv64/vortex/libs/VX_popcount.sv
set_global_assignment -name SYSTEMVERILOG_FILE ./common/rv64/vortex/libs/VX_priority_encoder.sv
set_global_assignment -name SYSTEMVERILOG_FILE ./common/rv64/vortex/libs/VX_onehot_encoder.sv
set_global_assignment -name SYSTEMVERILOG_FILE ./common/rv64/vortex/libs/VX_onehot_mux.sv
set_global_assignment -name SYSTEMVERILOG_FILE ./common/rv64/vortex/libs/VX_onehot_shift.sv
set_global_assignment -name SYSTEMVERILOG_FILE ./common/rv64/vortex/libs/VX_mux.sv
set_global_assignment -name SYSTEMVERILOG_FILE ./common/rv64/vortex/libs/VX_demux.sv
set_global_assignment -name SYSTEMVERILOG_FILE ./common/rv64/vortex/libs/VX_reduce_tree.sv
set_global_assignment -name SYSTEMVERILOG_FILE ./common/rv64/vortex/libs/VX_scan.sv
set_global_assignment -name SYSTEMVERILOG_FILE ./common/rv64/vortex/libs/VX_transpose.sv
set_global_assignment -name SYSTEMVERILOG_FILE ./common/rv64/vortex/libs/VX_bits_insert.sv
set_global_assignment -name SYSTEMVERILOG_FILE ./common/rv64/vortex/libs/VX_bits_remove.sv
set_global_assignment -name SYSTEMVERILOG_FILE ./common/rv64/vortex/libs/VX_bits_concat.sv
set_global_assignment -name SYSTEMVERILOG_FILE ./common/rv64/vortex/libs/VX_allocator.sv
set_global_assignment -name SYSTEMVERILOG_FILE ./common/rv64/vortex/libs/VX_index_buffer.sv
set_global_assignment -name SYSTEMVERILOG_FILE ./common/rv64/vortex/libs/VX_index_queue.sv
set_global_assignment -name SYSTEMVERILOG_FILE ./common/rv64/vortex/libs/VX_pending_size.sv
set_global_assignment -name SYSTEMVERILOG_FILE ./common/rv64/vortex/libs/VX_generic_arbiter.sv
set_global_assignment -name SYSTEMVERILOG_FILE ./common/rv64/vortex/libs/VX_cyclic_arbiter.sv
set_global_assignment -name SYSTEMVERILOG_FILE ./common/rv64/vortex/libs/VX_priority_arbiter.sv
set_global_assignment -name SYSTEMVERILOG_FILE ./common/rv64/vortex/libs/VX_rr_arbiter.sv
set_global_assignment -name SYSTEMVERILOG_FILE ./common/rv64/vortex/libs/VX_matrix_arbiter.sv
set_global_assignment -name SYSTEMVERILOG_FILE ./common/rv64/vortex/libs/VX_stream_arb.sv
set_global_assignment -name SYSTEMVERILOG_FILE ./common/rv64/vortex/libs/VX_stream_switch.sv
set_global_assignment -name SYSTEMVERILOG_FILE ./common/rv64/vortex/libs/VX_stream_xbar.sv
set_global_assignment -name SYSTEMVERILOG_FILE ./common/rv64/vortex/libs/VX_stream_xpoint.sv
set_global_assignment -name SYSTEMVERILOG_FILE ./common/rv64/vortex/libs/VX_stream_omega.sv
set_global_assignment -name SYSTEMVERILOG_FILE ./common/rv64/vortex/libs/VX_stream_pack.sv
set_global_assignment -name SYSTEMVERILOG_FILE ./common/rv64/vortex/libs/VX_stream_unpack.sv
set_global_assignment -name SYSTEMVERILOG_FILE ./common/rv64/vortex/libs/VX_edge_trigger.sv
set_global_assignment -name SYSTEMVERILOG_FILE ./common/rv64/vortex/libs/VX_nz_iterator.sv
set_global_assignment -name SYSTEMVERILOG_FILE ./common/rv64/vortex/libs/VX_placeholder.sv
set_global_assignment -name SYSTEMVERILOG_FILE ./common/rv64/vortex/libs/VX_reset_relay.sv
set_global_assignment -name SYSTEMVERILOG_FILE ./common/rv64/vortex/libs/VX_ticket_lock.sv
set_global_assignment -name SYSTEMVERILOG_FILE ./common/rv64/vortex/libs/VX_pe_serializer.sv
set_global_assignment -name SYSTEMVERILOG_FILE ./common/rv64/vortex/libs/VX_serial_mul.sv
set_global_assignment -name SYSTEMVERILOG_FILE ./common/rv64/vortex/libs/VX_serial_div.sv
set_global_assignment -name SYSTEMVERILOG_FILE ./common/rv64/vortex/libs/VX_divider.sv
set_global_assignment -name SYSTEMVERILOG_FILE ./common/rv64/vortex/libs/VX_multiplier.sv
set_global_assignment -name SYSTEMVERILOG_FILE ./common/rv64/vortex/libs/VX_scope_tap.sv
set_global_assignment -name SYSTEMVERILOG_FILE ./common/rv64/vortex/libs/VX_scope_switch.sv
set_global_assignment -name SYSTEMVERILOG_FILE ./common/rv64/vortex/libs/VX_mem_coalescer.sv
set_global_assignment -name SYSTEMVERILOG_FILE ./common/rv64/vortex/libs/VX_mem_scheduler.sv
set_global_assignment -name SYSTEMVERILOG_FILE ./common/rv64/vortex/libs/VX_mem_bank_adapter.sv
set_global_assignment -name SYSTEMVERILOG_FILE ./common/rv64/vortex/libs/VX_mem_data_adapter.sv
set_global_assignment -name SYSTEMVERILOG_FILE ./common/rv64/vortex/libs/VX_axi_adapter.sv
set_global_assignment -name SYSTEMVERILOG_FILE ./common/rv64/vortex/libs/VX_axi_write_ack.sv
set_global_assignment -name SYSTEMVERILOG_FILE ./common/rv64/vortex/libs/VX_avs_adapter.sv

# Vortex GPU memory subsystem
set_global_assignment -name SYSTEMVERILOG_FILE ./common/rv64/vortex/mem/VX_lsu_mem_if.sv
set_global_assignment -name SYSTEMVERILOG_FILE ./common/rv64/vortex/mem/VX_mem_bus_if.sv
set_global_assignment -name SYSTEMVERILOG_FILE ./common/rv64/vortex/mem/VX_gbar_bus_if.sv
set_global_assignment -name SYSTEMVERILOG_FILE ./common/rv64/vortex/mem/VX_mem_arb.sv
set_global_assignment -name SYSTEMVERILOG_FILE ./common/rv64/vortex/mem/VX_mem_switch.sv
set_global_assignment -name SYSTEMVERILOG_FILE ./common/rv64/vortex/mem/VX_lsu_mem_arb.sv
set_global_assignment -name SYSTEMVERILOG_FILE ./common/rv64/vortex/mem/VX_lsu_adapter.sv
set_global_assignment -name SYSTEMVERILOG_FILE ./common/rv64/vortex/mem/VX_lmem_switch.sv
set_global_assignment -name SYSTEMVERILOG_FILE ./common/rv64/vortex/mem/VX_local_mem.sv
set_global_assignment -name SYSTEMVERILOG_FILE ./common/rv64/vortex/mem/VX_local_mem_top.sv
set_global_assignment -name SYSTEMVERILOG_FILE ./common/rv64/vortex/mem/VX_gbar_arb.sv
set_global_assignment -name SYSTEMVERILOG_FILE ./common/rv64/vortex/mem/VX_gbar_unit.sv

# Vortex GPU FPU
set_global_assignment -name SYSTEMVERILOG_FILE ./common/rv64/vortex/fpu/VX_fp_classifier.sv
set_global_assignment -name SYSTEMVERILOG_FILE ./common/rv64/vortex/fpu/VX_fp_rounding.sv
set_global_assignment -name SYSTEMVERILOG_FILE ./common/rv64/vortex/fpu/VX_fpu_csr_if.sv
set_global_assignment -name SYSTEMVERILOG_FILE ./common/rv64/vortex/fpu/VX_fcvt_unit.sv
set_global_assignment -name SYSTEMVERILOG_FILE ./common/rv64/vortex/fpu/VX_fncp_unit.sv
set_global_assignment -name SYSTEMVERILOG_FILE ./common/rv64/vortex/fpu/VX_fpu_cvt.sv
set_global_assignment -name SYSTEMVERILOG_FILE ./common/rv64/vortex/fpu/VX_fpu_div.sv
set_global_assignment -name SYSTEMVERILOG_FILE ./common/rv64/vortex/fpu/VX_fpu_fma.sv
set_global_assignment -name SYSTEMVERILOG_FILE ./common/rv64/vortex/fpu/VX_fpu_ncp.sv
set_global_assignment -name SYSTEMVERILOG_FILE ./common/rv64/vortex/fpu/VX_fpu_sqrt.sv
set_global_assignment -name SYSTEMVERILOG_FILE ./common/rv64/vortex/fpu/VX_fpu_dpi.sv
set_global_assignment -name SYSTEMVERILOG_FILE ./common/rv64/vortex/fpu/VX_fpu_dsp.sv
set_global_assignment -name SYSTEMVERILOG_FILE ./common/rv64/vortex/fpu/VX_fpu_fpnew.sv
set_global_assignment -name SYSTEMVERILOG_FILE ./common/rv64/vortex/fpu/VX_fpu_unit.sv
set_global_assignment -name SYSTEMVERILOG_FILE ./common/rv64/vortex/fpu/ip/acl_fdiv.sv
set_global_assignment -name SYSTEMVERILOG_FILE ./common/rv64/vortex/fpu/ip/acl_fmadd.sv
set_global_assignment -name SYSTEMVERILOG_FILE ./common/rv64/vortex/fpu/ip/acl_fsqrt.sv

# Vortex GPU TCU - disabled (EXT_TCU_ENABLE not defined, HardFloat dependency missing)
# set_global_assignment -name SYSTEMVERILOG_FILE ./common/rv64/vortex/tcu/bhf/VX_tcu_bhf_bf16mul.sv
# set_global_assignment -name SYSTEMVERILOG_FILE ./common/rv64/vortex/tcu/bhf/VX_tcu_bhf_fadd.sv
# set_global_assignment -name SYSTEMVERILOG_FILE ./common/rv64/vortex/tcu/bhf/VX_tcu_bhf_fmul.sv
# set_global_assignment -name SYSTEMVERILOG_FILE ./common/rv64/vortex/tcu/bhf/bsg_counting_leading_zeros.sv
# set_global_assignment -name SYSTEMVERILOG_FILE ./common/rv64/vortex/tcu/VX_tcu_fedp_bhf.sv
# set_global_assignment -name SYSTEMVERILOG_FILE ./common/rv64/vortex/tcu/VX_tcu_fedp_dpi.sv
# set_global_assignment -name SYSTEMVERILOG_FILE ./common/rv64/vortex/tcu/VX_tcu_fedp_dsp.sv
# set_global_assignment -name SYSTEMVERILOG_FILE ./common/rv64/vortex/tcu/VX_tcu_fedp_int.sv
# set_global_assignment -name SYSTEMVERILOG_FILE ./common/rv64/vortex/tcu/VX_tcu_fp.sv
# set_global_assignment -name SYSTEMVERILOG_FILE ./common/rv64/vortex/tcu/VX_tcu_int.sv
# set_global_assignment -name SYSTEMVERILOG_FILE ./common/rv64/vortex/tcu/VX_tcu_uops.sv
# set_global_assignment -name SYSTEMVERILOG_FILE ./common/rv64/vortex/tcu/VX_tcu_unit.sv
# set_global_assignment -name SYSTEMVERILOG_FILE ./common/rv64/vortex/tcu/VX_tcu_top.sv

# Vortex GPU core
set_global_assignment -name SYSTEMVERILOG_FILE ./common/rv64/vortex/core/VX_alu_int.sv
set_global_assignment -name SYSTEMVERILOG_FILE ./common/rv64/vortex/core/VX_alu_muldiv.sv
set_global_assignment -name SYSTEMVERILOG_FILE ./common/rv64/vortex/core/VX_alu_unit.sv
set_global_assignment -name SYSTEMVERILOG_FILE ./common/rv64/vortex/core/VX_csr_data.sv
set_global_assignment -name SYSTEMVERILOG_FILE ./common/rv64/vortex/core/VX_csr_unit.sv
set_global_assignment -name SYSTEMVERILOG_FILE ./common/rv64/vortex/core/VX_dcr_data.sv
set_global_assignment -name SYSTEMVERILOG_FILE ./common/rv64/vortex/core/VX_decode.sv
set_global_assignment -name SYSTEMVERILOG_FILE ./common/rv64/vortex/core/VX_dispatch.sv
set_global_assignment -name SYSTEMVERILOG_FILE ./common/rv64/vortex/core/VX_dispatch_unit.sv
set_global_assignment -name SYSTEMVERILOG_FILE ./common/rv64/vortex/core/VX_execute.sv
set_global_assignment -name SYSTEMVERILOG_FILE ./common/rv64/vortex/core/VX_fetch.sv
set_global_assignment -name SYSTEMVERILOG_FILE ./common/rv64/vortex/core/VX_gather_unit.sv
set_global_assignment -name SYSTEMVERILOG_FILE ./common/rv64/vortex/core/VX_ibuffer.sv
set_global_assignment -name SYSTEMVERILOG_FILE ./common/rv64/vortex/core/VX_ipdom_stack.sv
set_global_assignment -name SYSTEMVERILOG_FILE ./common/rv64/vortex/core/VX_issue.sv
set_global_assignment -name SYSTEMVERILOG_FILE ./common/rv64/vortex/core/VX_issue_slice.sv
set_global_assignment -name SYSTEMVERILOG_FILE ./common/rv64/vortex/core/VX_issue_top.sv
set_global_assignment -name SYSTEMVERILOG_FILE ./common/rv64/vortex/core/VX_lsu_slice.sv
set_global_assignment -name SYSTEMVERILOG_FILE ./common/rv64/vortex/core/VX_lsu_unit.sv
set_global_assignment -name SYSTEMVERILOG_FILE ./common/rv64/vortex/core/VX_mem_unit.sv
set_global_assignment -name SYSTEMVERILOG_FILE ./common/rv64/vortex/core/VX_mem_unit_top.sv
set_global_assignment -name SYSTEMVERILOG_FILE ./common/rv64/vortex/core/VX_opc_unit.sv
set_global_assignment -name SYSTEMVERILOG_FILE ./common/rv64/vortex/core/VX_operands.sv
set_global_assignment -name SYSTEMVERILOG_FILE ./common/rv64/vortex/core/VX_pe_switch.sv
set_global_assignment -name SYSTEMVERILOG_FILE ./common/rv64/vortex/core/VX_schedule.sv
set_global_assignment -name SYSTEMVERILOG_FILE ./common/rv64/vortex/core/VX_scoreboard.sv
set_global_assignment -name SYSTEMVERILOG_FILE ./common/rv64/vortex/core/VX_sfu_unit.sv
set_global_assignment -name SYSTEMVERILOG_FILE ./common/rv64/vortex/core/VX_split_join.sv
set_global_assignment -name SYSTEMVERILOG_FILE ./common/rv64/vortex/core/VX_uop_sequencer.sv
set_global_assignment -name SYSTEMVERILOG_FILE ./common/rv64/vortex/core/VX_uuid_gen.sv
set_global_assignment -name SYSTEMVERILOG_FILE ./common/rv64/vortex/core/VX_wctl_unit.sv
set_global_assignment -name SYSTEMVERILOG_FILE ./common/rv64/vortex/core/VX_commit.sv
set_global_assignment -name SYSTEMVERILOG_FILE ./common/rv64/vortex/core/VX_core.sv
set_global_assignment -name SYSTEMVERILOG_FILE ./common/rv64/vortex/core/VX_core_top.sv

# Vortex GPU cache
set_global_assignment -name SYSTEMVERILOG_FILE ./common/rv64/vortex/cache/VX_cache_data.sv
set_global_assignment -name SYSTEMVERILOG_FILE ./common/rv64/vortex/cache/VX_cache_tags.sv
set_global_assignment -name SYSTEMVERILOG_FILE ./common/rv64/vortex/cache/VX_cache_repl.sv
set_global_assignment -name SYSTEMVERILOG_FILE ./common/rv64/vortex/cache/VX_cache_mshr.sv
set_global_assignment -name SYSTEMVERILOG_FILE ./common/rv64/vortex/cache/VX_cache_init.sv
set_global_assignment -name SYSTEMVERILOG_FILE ./common/rv64/vortex/cache/VX_cache_flush.sv
set_global_assignment -name SYSTEMVERILOG_FILE ./common/rv64/vortex/cache/VX_cache_bypass.sv
set_global_assignment -name SYSTEMVERILOG_FILE ./common/rv64/vortex/cache/VX_cache_bank.sv
set_global_assignment -name SYSTEMVERILOG_FILE ./common/rv64/vortex/cache/VX_cache.sv
set_global_assignment -name SYSTEMVERILOG_FILE ./common/rv64/vortex/cache/VX_cache_wrap.sv
set_global_assignment -name SYSTEMVERILOG_FILE ./common/rv64/vortex/cache/VX_cache_top.sv
set_global_assignment -name SYSTEMVERILOG_FILE ./common/rv64/vortex/cache/VX_cache_cluster.sv

# Vortex GPU top-level hierarchy
set_global_assignment -name SYSTEMVERILOG_FILE ./common/rv64/vortex/VX_socket.sv
set_global_assignment -name SYSTEMVERILOG_FILE ./common/rv64/vortex/VX_cluster.sv
set_global_assignment -name SYSTEMVERILOG_FILE ./common/rv64/vortex/Vortex.sv
set_global_assignment -name SYSTEMVERILOG_FILE ./common/rv64/vortex/Vortex_axi.sv

# Vortex GPU wrapper for CXL Type2
set_global_assignment -name SYSTEMVERILOG_FILE ./common/rv64/vortex_gpu_wrapper.sv

# CIRA job dispatch: device side of the doorbell protocol in cira_cxl_job.h
set_global_assignment -name SYSTEMVERILOG_FILE ./common/rv64/cira_job_dispatch.sv
set_global_assignment -name SYSTEMVERILOG_FILE ./common/rv64/cira_cxl_cache_completion_writer.sv
set_global_assignment -name SYSTEMVERILOG_FILE ./common/rv64/cira_axi_write_arbiter.sv

# ============================================================================
# End rv64 Vortex GPU + CXL MemUring
# ============================================================================

set_global_assignment -name SYSTEMVERILOG_FILE ed_top_wrapper_typ2.sv
set_global_assignment -name SYSTEMVERILOG_FILE cxltyp2_ed.sv
set_global_assignment -name SDC_FILE ./constraints/cxltyp2_ed.sdc



set_instance_assignment -name VIRTUAL_PIN ON -to phy_sys_ial_* -entity cxltyp2_ed
set_instance_assignment -name VIRTUAL_PIN ON -to o_phy_* -entity cxltyp2_ed
set_instance_assignment -name VIRTUAL_PIN ON -to i_phy_* -entity cxltyp2_ed


set_global_assignment -name LAST_QUARTUS_VERSION "25.1.0 Pro Edition"
